{
  "requires": true,
  "lockfileVersion": 1,
  "dependencies": {
    "@sanjo/web-components": {
      "version": "1.0.1",
      "resolved": "https://registry.npmjs.org/@sanjo/web-components/-/web-components-1.0.1.tgz",
      "integrity": "sha512-TxzQ/ln53BQ/9UrIev33vDMXPvX0GIFA4JOQ8uzv2rX5u/p28bQUM3ChvXOoFiuhR9WS1uNoRaGvmmWZGfWCIw=="
    }
  }
}
